
Microsoft Visual Studio Solution File, Format Version 12.00
# Visual Studio Version 17
VisualStudioVersion = 17.1.32210.238
MinimumVisualStudioVersion = 10.0.40219.1
Project("{FAE04EC0-301F-11D3-BF4B-00C04F79EFBC}") = "AdityaSoftwares", "AdityaSoftwares.csproj", "{BE1EB225-F97B-4121-BFC7-D2BDA57F28C1}"
EndProject
Global
	GlobalSection(SolutionConfigurationPlatforms) = preSolution
		Debug|Any CPU = Debug|Any CPU
		Release|Any CPU = Release|Any CPU
	EndGlobalSection
	GlobalSection(ProjectConfigurationPlatforms) = postSolution
		{BE1EB225-F97B-4121-BFC7-D2BDA57F28C1}.Debug|Any CPU.ActiveCfg = Debug|Any CPU
		{BE1EB225-F97B-4121-BFC7-D2BDA57F28C1}.Debug|Any CPU.Build.0 = Debug|Any CPU
		{BE1EB225-F97B-4121-BFC7-D2BDA57F28C1}.Release|Any CPU.ActiveCfg = Release|Any CPU
		{BE1EB225-F97B-4121-BFC7-D2BDA57F28C1}.Release|Any CPU.Build.0 = Release|Any CPU
	EndGlobalSection
	GlobalSection(SolutionProperties) = preSolution
		HideSolutionNode = FALSE
	EndGlobalSection
	GlobalSection(ExtensibilityGlobals) = postSolution
		SolutionGuid = {25383F1D-395F-476B-86A1-2015DDB29602}
	EndGlobalSection
EndGlobal
